
Microsoft Visual Studio Solution File, Format Version 12.00
# Visual Studio Version 16
VisualStudioVersion = 16.0.33027.164
MinimumVisualStudioVersion = 10.0.40219.1
Project("{9A19103F-16F7-4668-BE54-9A1E7A4F7556}") = "StudentInformation", "PBExam\StudentInformation.csproj", "{3CCAD608-2576-41E9-A436-9ECD58600D27}"
EndProject
Project("{9A19103F-16F7-4668-BE54-9A1E7A4F7556}") = "Passed", "Passed\Passed.csproj", "{C26602B8-6922-473F-B622-6C78CDCEAD4E}"
EndProject
Project("{9A19103F-16F7-4668-BE54-9A1E7A4F7556}") = "PassedOrFailed", "PassedOrFailed\PassedOrFailed.csproj", "{62ACCBCA-233E-44AF-B99E-8EF797C46E88}"
EndProject
Project("{9A19103F-16F7-4668-BE54-9A1E7A4F7556}") = "BackIn30Minutes", "BackIn30Minutes\BackIn30Minutes.csproj", "{BDC24919-2ADF-429C-9D53-6D1457B05A30}"
EndProject
Project("{9A19103F-16F7-4668-BE54-9A1E7A4F7556}") = "MonthPrinter", "MonthPrinter\MonthPrinter.csproj", "{1735CD30-5E46-4EA0-9142-F2DEE3852C33}"
EndProject
Project("{9A19103F-16F7-4668-BE54-9A1E7A4F7556}") = "ForeignLanguages", "ForeignLanguages\ForeignLanguages.csproj", "{3D278C7D-7C0B-4805-8C68-90D6C32FCF5D}"
EndProject
Project("{9A19103F-16F7-4668-BE54-9A1E7A4F7556}") = "TheatrePromotion", "TheatrePromotion\TheatrePromotion.csproj", "{0BECED3C-0ACB-49E8-817A-5CABB843BA25}"
EndProject
Project("{9A19103F-16F7-4668-BE54-9A1E7A4F7556}") = "NumbersDivisibleBy3", "DivisibleBy3\NumbersDivisibleBy3.csproj", "{6FB43F72-648E-439A-A9AC-5ACF4D19DCE0}"
EndProject
Project("{9A19103F-16F7-4668-BE54-9A1E7A4F7556}") = "SumOddNumbers", "SumOddNumbers\SumOddNumbers.csproj", "{2E6726A8-149D-443F-B4F0-2BC0EB7A6185}"
EndProject
Project("{FAE04EC0-301F-11D3-BF4B-00C04F79EFBC}") = "MultiplicationTable", "MultiplicationTable\MultiplicationTable.csproj", "{CF286CED-C627-4A4E-A3DA-741B95BF822A}"
EndProject
Project("{FAE04EC0-301F-11D3-BF4B-00C04F79EFBC}") = "MultiplicationTable2.0", "MultiplicationTable2.0\MultiplicationTable2.0.csproj", "{1B03DD2F-4E08-4D79-8EA6-04622908AC1C}"
EndProject
Project("{FAE04EC0-301F-11D3-BF4B-00C04F79EFBC}") = "EvenNumber", "EvenNumber\EvenNumber.csproj", "{44D2CEA3-C0AF-45EF-8F76-21855FE03103}"
EndProject
Project("{FAE04EC0-301F-11D3-BF4B-00C04F79EFBC}") = "Holidays Between Two Dates", "Holidays Between Two Dates\Holidays Between Two Dates.csproj", "{A34AF309-4F6F-4A36-959A-26070849551E}"
EndProject
Global
	GlobalSection(SolutionConfigurationPlatforms) = preSolution
		Debug|Any CPU = Debug|Any CPU
		Release|Any CPU = Release|Any CPU
	EndGlobalSection
	GlobalSection(ProjectConfigurationPlatforms) = postSolution
		{3CCAD608-2576-41E9-A436-9ECD58600D27}.Debug|Any CPU.ActiveCfg = Debug|Any CPU
		{3CCAD608-2576-41E9-A436-9ECD58600D27}.Debug|Any CPU.Build.0 = Debug|Any CPU
		{3CCAD608-2576-41E9-A436-9ECD58600D27}.Release|Any CPU.ActiveCfg = Release|Any CPU
		{3CCAD608-2576-41E9-A436-9ECD58600D27}.Release|Any CPU.Build.0 = Release|Any CPU
		{C26602B8-6922-473F-B622-6C78CDCEAD4E}.Debug|Any CPU.ActiveCfg = Debug|Any CPU
		{C26602B8-6922-473F-B622-6C78CDCEAD4E}.Debug|Any CPU.Build.0 = Debug|Any CPU
		{C26602B8-6922-473F-B622-6C78CDCEAD4E}.Release|Any CPU.ActiveCfg = Release|Any CPU
		{C26602B8-6922-473F-B622-6C78CDCEAD4E}.Release|Any CPU.Build.0 = Release|Any CPU
		{62ACCBCA-233E-44AF-B99E-8EF797C46E88}.Debug|Any CPU.ActiveCfg = Debug|Any CPU
		{62ACCBCA-233E-44AF-B99E-8EF797C46E88}.Debug|Any CPU.Build.0 = Debug|Any CPU
		{62ACCBCA-233E-44AF-B99E-8EF797C46E88}.Release|Any CPU.ActiveCfg = Release|Any CPU
		{62ACCBCA-233E-44AF-B99E-8EF797C46E88}.Release|Any CPU.Build.0 = Release|Any CPU
		{BDC24919-2ADF-429C-9D53-6D1457B05A30}.Debug|Any CPU.ActiveCfg = Debug|Any CPU
		{BDC24919-2ADF-429C-9D53-6D1457B05A30}.Debug|Any CPU.Build.0 = Debug|Any CPU
		{BDC24919-2ADF-429C-9D53-6D1457B05A30}.Release|Any CPU.ActiveCfg = Release|Any CPU
		{BDC24919-2ADF-429C-9D53-6D1457B05A30}.Release|Any CPU.Build.0 = Release|Any CPU
		{1735CD30-5E46-4EA0-9142-F2DEE3852C33}.Debug|Any CPU.ActiveCfg = Debug|Any CPU
		{1735CD30-5E46-4EA0-9142-F2DEE3852C33}.Debug|Any CPU.Build.0 = Debug|Any CPU
		{1735CD30-5E46-4EA0-9142-F2DEE3852C33}.Release|Any CPU.ActiveCfg = Release|Any CPU
		{1735CD30-5E46-4EA0-9142-F2DEE3852C33}.Release|Any CPU.Build.0 = Release|Any CPU
		{3D278C7D-7C0B-4805-8C68-90D6C32FCF5D}.Debug|Any CPU.ActiveCfg = Debug|Any CPU
		{3D278C7D-7C0B-4805-8C68-90D6C32FCF5D}.Debug|Any CPU.Build.0 = Debug|Any CPU
		{3D278C7D-7C0B-4805-8C68-90D6C32FCF5D}.Release|Any CPU.ActiveCfg = Release|Any CPU
		{3D278C7D-7C0B-4805-8C68-90D6C32FCF5D}.Release|Any CPU.Build.0 = Release|Any CPU
		{0BECED3C-0ACB-49E8-817A-5CABB843BA25}.Debug|Any CPU.ActiveCfg = Debug|Any CPU
		{0BECED3C-0ACB-49E8-817A-5CABB843BA25}.Debug|Any CPU.Build.0 = Debug|Any CPU
		{0BECED3C-0ACB-49E8-817A-5CABB843BA25}.Release|Any CPU.ActiveCfg = Release|Any CPU
		{0BECED3C-0ACB-49E8-817A-5CABB843BA25}.Release|Any CPU.Build.0 = Release|Any CPU
		{6FB43F72-648E-439A-A9AC-5ACF4D19DCE0}.Debug|Any CPU.ActiveCfg = Debug|Any CPU
		{6FB43F72-648E-439A-A9AC-5ACF4D19DCE0}.Debug|Any CPU.Build.0 = Debug|Any CPU
		{6FB43F72-648E-439A-A9AC-5ACF4D19DCE0}.Release|Any CPU.ActiveCfg = Release|Any CPU
		{6FB43F72-648E-439A-A9AC-5ACF4D19DCE0}.Release|Any CPU.Build.0 = Release|Any CPU
		{2E6726A8-149D-443F-B4F0-2BC0EB7A6185}.Debug|Any CPU.ActiveCfg = Debug|Any CPU
		{2E6726A8-149D-443F-B4F0-2BC0EB7A6185}.Debug|Any CPU.Build.0 = Debug|Any CPU
		{2E6726A8-149D-443F-B4F0-2BC0EB7A6185}.Release|Any CPU.ActiveCfg = Release|Any CPU
		{2E6726A8-149D-443F-B4F0-2BC0EB7A6185}.Release|Any CPU.Build.0 = Release|Any CPU
		{CF286CED-C627-4A4E-A3DA-741B95BF822A}.Debug|Any CPU.ActiveCfg = Debug|Any CPU
		{CF286CED-C627-4A4E-A3DA-741B95BF822A}.Debug|Any CPU.Build.0 = Debug|Any CPU
		{CF286CED-C627-4A4E-A3DA-741B95BF822A}.Release|Any CPU.ActiveCfg = Release|Any CPU
		{CF286CED-C627-4A4E-A3DA-741B95BF822A}.Release|Any CPU.Build.0 = Release|Any CPU
		{1B03DD2F-4E08-4D79-8EA6-04622908AC1C}.Debug|Any CPU.ActiveCfg = Debug|Any CPU
		{1B03DD2F-4E08-4D79-8EA6-04622908AC1C}.Debug|Any CPU.Build.0 = Debug|Any CPU
		{1B03DD2F-4E08-4D79-8EA6-04622908AC1C}.Release|Any CPU.ActiveCfg = Release|Any CPU
		{1B03DD2F-4E08-4D79-8EA6-04622908AC1C}.Release|Any CPU.Build.0 = Release|Any CPU
		{44D2CEA3-C0AF-45EF-8F76-21855FE03103}.Debug|Any CPU.ActiveCfg = Debug|Any CPU
		{44D2CEA3-C0AF-45EF-8F76-21855FE03103}.Debug|Any CPU.Build.0 = Debug|Any CPU
		{44D2CEA3-C0AF-45EF-8F76-21855FE03103}.Release|Any CPU.ActiveCfg = Release|Any CPU
		{44D2CEA3-C0AF-45EF-8F76-21855FE03103}.Release|Any CPU.Build.0 = Release|Any CPU
		{A34AF309-4F6F-4A36-959A-26070849551E}.Debug|Any CPU.ActiveCfg = Debug|Any CPU
		{A34AF309-4F6F-4A36-959A-26070849551E}.Debug|Any CPU.Build.0 = Debug|Any CPU
		{A34AF309-4F6F-4A36-959A-26070849551E}.Release|Any CPU.ActiveCfg = Release|Any CPU
		{A34AF309-4F6F-4A36-959A-26070849551E}.Release|Any CPU.Build.0 = Release|Any CPU
	EndGlobalSection
	GlobalSection(SolutionProperties) = preSolution
		HideSolutionNode = FALSE
	EndGlobalSection
	GlobalSection(ExtensibilityGlobals) = postSolution
		SolutionGuid = {E26E512E-6CC1-4DB2-95F7-11CD515527E8}
	EndGlobalSection
EndGlobal
